
Microsoft Visual Studio Solution File, Format Version 12.00
# Visual Studio Version 16
Project("{8BC9CEB8-8B4A-11D0-8D11-00A0C91BC942}") = "ALL_BUILD", "ALL_BUILD.vcxproj", "{B7B88F18-4AC2-397F-AD7F-93A693FCC04B}"
	ProjectSection(ProjectDependencies) = postProject
		{9879AC70-902C-3F58-918B-7876ACEAC915} = {9879AC70-902C-3F58-918B-7876ACEAC915}
		{6E75494C-2375-3D74-A791-FD752A376114} = {6E75494C-2375-3D74-A791-FD752A376114}
	EndProjectSection
EndProject
Project("{8BC9CEB8-8B4A-11D0-8D11-00A0C91BC942}") = "Assignment_2_Vulkan", "Assignment_2_Vulkan.vcxproj", "{9879AC70-902C-3F58-918B-7876ACEAC915}"
	ProjectSection(ProjectDependencies) = postProject
		{6E75494C-2375-3D74-A791-FD752A376114} = {6E75494C-2375-3D74-A791-FD752A376114}
	EndProjectSection
EndProject
Project("{8BC9CEB8-8B4A-11D0-8D11-00A0C91BC942}") = "ZERO_CHECK", "ZERO_CHECK.vcxproj", "{6E75494C-2375-3D74-A791-FD752A376114}"
	ProjectSection(ProjectDependencies) = postProject
	EndProjectSection
EndProject
Global
	GlobalSection(SolutionConfigurationPlatforms) = preSolution
		Debug|x64 = Debug|x64
		Release|x64 = Release|x64
		MinSizeRel|x64 = MinSizeRel|x64
		RelWithDebInfo|x64 = RelWithDebInfo|x64
	EndGlobalSection
	GlobalSection(ProjectConfigurationPlatforms) = postSolution
		{B7B88F18-4AC2-397F-AD7F-93A693FCC04B}.Debug|x64.ActiveCfg = Debug|x64
		{B7B88F18-4AC2-397F-AD7F-93A693FCC04B}.Release|x64.ActiveCfg = Release|x64
		{B7B88F18-4AC2-397F-AD7F-93A693FCC04B}.MinSizeRel|x64.ActiveCfg = MinSizeRel|x64
		{B7B88F18-4AC2-397F-AD7F-93A693FCC04B}.RelWithDebInfo|x64.ActiveCfg = RelWithDebInfo|x64
		{9879AC70-902C-3F58-918B-7876ACEAC915}.Debug|x64.ActiveCfg = Debug|x64
		{9879AC70-902C-3F58-918B-7876ACEAC915}.Debug|x64.Build.0 = Debug|x64
		{9879AC70-902C-3F58-918B-7876ACEAC915}.Release|x64.ActiveCfg = Release|x64
		{9879AC70-902C-3F58-918B-7876ACEAC915}.Release|x64.Build.0 = Release|x64
		{9879AC70-902C-3F58-918B-7876ACEAC915}.MinSizeRel|x64.ActiveCfg = MinSizeRel|x64
		{9879AC70-902C-3F58-918B-7876ACEAC915}.MinSizeRel|x64.Build.0 = MinSizeRel|x64
		{9879AC70-902C-3F58-918B-7876ACEAC915}.RelWithDebInfo|x64.ActiveCfg = RelWithDebInfo|x64
		{9879AC70-902C-3F58-918B-7876ACEAC915}.RelWithDebInfo|x64.Build.0 = RelWithDebInfo|x64
		{6E75494C-2375-3D74-A791-FD752A376114}.Debug|x64.ActiveCfg = Debug|x64
		{6E75494C-2375-3D74-A791-FD752A376114}.Debug|x64.Build.0 = Debug|x64
		{6E75494C-2375-3D74-A791-FD752A376114}.Release|x64.ActiveCfg = Release|x64
		{6E75494C-2375-3D74-A791-FD752A376114}.Release|x64.Build.0 = Release|x64
		{6E75494C-2375-3D74-A791-FD752A376114}.MinSizeRel|x64.ActiveCfg = MinSizeRel|x64
		{6E75494C-2375-3D74-A791-FD752A376114}.MinSizeRel|x64.Build.0 = MinSizeRel|x64
		{6E75494C-2375-3D74-A791-FD752A376114}.RelWithDebInfo|x64.ActiveCfg = RelWithDebInfo|x64
		{6E75494C-2375-3D74-A791-FD752A376114}.RelWithDebInfo|x64.Build.0 = RelWithDebInfo|x64
	EndGlobalSection
	GlobalSection(ExtensibilityGlobals) = postSolution
		SolutionGuid = {9B9F1882-D2D6-3FC4-83F8-0C0A1202CED1}
	EndGlobalSection
	GlobalSection(ExtensibilityAddIns) = postSolution
	EndGlobalSection
EndGlobal
