<?xml version="1.0" encoding="utf-8"?>
<Project ToolsVersion="16.0" xmlns="http://schemas.microsoft.com/developer/msbuild/2003">
  <ItemGroup>
    <ClCompile Include="C:\Users\Manmeet Singh\Desktop\Project-And-Portfolio\main.cpp">
      <Filter>Source Files</Filter>
    </ClCompile>
  </ItemGroup>
  <ItemGroup>
    <ClInclude Include="C:\Users\Manmeet Singh\Desktop\Project-And-Portfolio\renderer.h">
      <Filter>Header Files</Filter>
    </ClInclude>
  </ItemGroup>
  <ItemGroup>
    <CustomBuild Include="C:\Users\Manmeet Singh\Desktop\Project-And-Portfolio\CMakeLists.txt" />
  </ItemGroup>
  <ItemGroup>
    <Filter Include="Header Files">
      <UniqueIdentifier>{08E3A8C7-563C-3FC8-98F1-E693BA707113}</UniqueIdentifier>
    </Filter>
    <Filter Include="Source Files">
      <UniqueIdentifier>{51FF9235-F57B-3C7F-89DB-34387F078722}</UniqueIdentifier>
    </Filter>
    <Filter Include="Shader Files">
      <UniqueIdentifier>{35278a18-26ca-448b-a2fa-a4aea1cb4830}</UniqueIdentifier>
    </Filter>
  </ItemGroup>
  <ItemGroup>
    <None Include="VS.hlsl">
      <Filter>Shader Files</Filter>
    </None>
    <None Include="PS.hlsl">
      <Filter>Shader Files</Filter>
    </None>
  </ItemGroup>
</Project>